
Microsoft Visual Studio Solution File, Format Version 12.00
# Visual Studio 15
VisualStudioVersion = 15.0.27703.2026
MinimumVisualStudioVersion = 10.0.40219.1
Project("{9A19103F-16F7-4668-BE54-9A1E7A4F7556}") = "Woof.Sockets", "Woof.Sockets.csproj", "{E055D84A-1FCC-4DE6-8EA9-9ED95512A011}"
EndProject
Project("{FAE04EC0-301F-11D3-BF4B-00C04F79EFBC}") = "Woof.Sockets.Tests", "Tests\Woof.Sockets.Tests.csproj", "{361C5269-70A4-4891-92F3-FC525B939ACC}"
EndProject
Global
	GlobalSection(SolutionConfigurationPlatforms) = preSolution
		Debug|Any CPU = Debug|Any CPU
		Release|Any CPU = Release|Any CPU
	EndGlobalSection
	GlobalSection(ProjectConfigurationPlatforms) = postSolution
		{E055D84A-1FCC-4DE6-8EA9-9ED95512A011}.Debug|Any CPU.ActiveCfg = Debug|Any CPU
		{E055D84A-1FCC-4DE6-8EA9-9ED95512A011}.Debug|Any CPU.Build.0 = Debug|Any CPU
		{E055D84A-1FCC-4DE6-8EA9-9ED95512A011}.Release|Any CPU.ActiveCfg = Release|Any CPU
		{E055D84A-1FCC-4DE6-8EA9-9ED95512A011}.Release|Any CPU.Build.0 = Release|Any CPU
		{361C5269-70A4-4891-92F3-FC525B939ACC}.Debug|Any CPU.ActiveCfg = Debug|Any CPU
		{361C5269-70A4-4891-92F3-FC525B939ACC}.Debug|Any CPU.Build.0 = Debug|Any CPU
		{361C5269-70A4-4891-92F3-FC525B939ACC}.Release|Any CPU.ActiveCfg = Release|Any CPU
		{361C5269-70A4-4891-92F3-FC525B939ACC}.Release|Any CPU.Build.0 = Release|Any CPU
	EndGlobalSection
	GlobalSection(SolutionProperties) = preSolution
		HideSolutionNode = FALSE
	EndGlobalSection
	GlobalSection(ExtensibilityGlobals) = postSolution
		SolutionGuid = {5CF62538-8FC9-4845-91EF-20E302786171}
	EndGlobalSection
EndGlobal
